
Microsoft Visual Studio Solution File, Format Version 12.00
# Visual Studio Version 17
VisualStudioVersion = 17.7.34009.444
MinimumVisualStudioVersion = 10.0.40219.1
Project("{FAE04EC0-301F-11D3-BF4B-00C04F79EFBC}") = "Assessment Task 2", "Assessment Task 2\Assessment Task 2.csproj", "{4E868BD4-0F77-4A08-80D9-08FB128BDD6B}"
EndProject
Global
	GlobalSection(SolutionConfigurationPlatforms) = preSolution
		Debug|Any CPU = Debug|Any CPU
		Release|Any CPU = Release|Any CPU
	EndGlobalSection
	GlobalSection(ProjectConfigurationPlatforms) = postSolution
		{4E868BD4-0F77-4A08-80D9-08FB128BDD6B}.Debug|Any CPU.ActiveCfg = Debug|Any CPU
		{4E868BD4-0F77-4A08-80D9-08FB128BDD6B}.Debug|Any CPU.Build.0 = Debug|Any CPU
		{4E868BD4-0F77-4A08-80D9-08FB128BDD6B}.Release|Any CPU.ActiveCfg = Release|Any CPU
		{4E868BD4-0F77-4A08-80D9-08FB128BDD6B}.Release|Any CPU.Build.0 = Release|Any CPU
	EndGlobalSection
	GlobalSection(SolutionProperties) = preSolution
		HideSolutionNode = FALSE
	EndGlobalSection
	GlobalSection(ExtensibilityGlobals) = postSolution
		SolutionGuid = {7379CE51-3BA1-4F35-B632-321F7147D312}
	EndGlobalSection
EndGlobal
